
Microsoft Visual Studio Solution File, Format Version 12.00
# Visual Studio Version 16
VisualStudioVersion = 16.0.31205.134
MinimumVisualStudioVersion = 10.0.40219.1
Project("{FAE04EC0-301F-11D3-BF4B-00C04F79EFBC}") = "Constainter", "Constainter\Constainter.csproj", "{9AEBA1C5-53FE-4A42-93DB-62176E9290C7}"
EndProject
Global
	GlobalSection(SolutionConfigurationPlatforms) = preSolution
		Debug|Any CPU = Debug|Any CPU
		Release|Any CPU = Release|Any CPU
	EndGlobalSection
	GlobalSection(ProjectConfigurationPlatforms) = postSolution
		{9AEBA1C5-53FE-4A42-93DB-62176E9290C7}.Debug|Any CPU.ActiveCfg = Debug|Any CPU
		{9AEBA1C5-53FE-4A42-93DB-62176E9290C7}.Debug|Any CPU.Build.0 = Debug|Any CPU
		{9AEBA1C5-53FE-4A42-93DB-62176E9290C7}.Release|Any CPU.ActiveCfg = Release|Any CPU
		{9AEBA1C5-53FE-4A42-93DB-62176E9290C7}.Release|Any CPU.Build.0 = Release|Any CPU
	EndGlobalSection
	GlobalSection(SolutionProperties) = preSolution
		HideSolutionNode = FALSE
	EndGlobalSection
	GlobalSection(ExtensibilityGlobals) = postSolution
		SolutionGuid = {A79D4BEF-1725-4D74-8C00-EEA13F26F178}
	EndGlobalSection
EndGlobal
